
Microsoft Visual Studio Solution File, Format Version 12.00
# Visual Studio Version 17
VisualStudioVersion = 17.4.33213.308
MinimumVisualStudioVersion = 10.0.40219.1
Project("{9A19103F-16F7-4668-BE54-9A1E7A4F7556}") = "RPGbot", "RPGbot\RPGbot.csproj", "{F428B953-73E5-4E53-A53A-4F439935E650}"
EndProject
Project("{2150E333-8FDC-42A3-9474-1A3956D46DE8}") = "RPGbot", "RPGbot", "{B566B727-C363-4810-A15A-72F7FE59B223}"
EndProject
Project("{9A19103F-16F7-4668-BE54-9A1E7A4F7556}") = "RPGbotAPI", "RPGbotAPI\RPGbotAPI.csproj", "{3E40E153-645E-41FA-A2FD-214C9FEE525C}"
EndProject
Project("{9A19103F-16F7-4668-BE54-9A1E7A4F7556}") = "RPGbotLib", "RPGbotLib\RPGbotLib.csproj", "{75C7F910-0FEE-476D-ADAC-58B8CAF72268}"
EndProject
Global
	GlobalSection(SolutionConfigurationPlatforms) = preSolution
		Debug|Any CPU = Debug|Any CPU
		Release|Any CPU = Release|Any CPU
	EndGlobalSection
	GlobalSection(ProjectConfigurationPlatforms) = postSolution
		{F428B953-73E5-4E53-A53A-4F439935E650}.Debug|Any CPU.ActiveCfg = Debug|Any CPU
		{F428B953-73E5-4E53-A53A-4F439935E650}.Debug|Any CPU.Build.0 = Debug|Any CPU
		{F428B953-73E5-4E53-A53A-4F439935E650}.Release|Any CPU.ActiveCfg = Release|Any CPU
		{F428B953-73E5-4E53-A53A-4F439935E650}.Release|Any CPU.Build.0 = Release|Any CPU
		{3E40E153-645E-41FA-A2FD-214C9FEE525C}.Debug|Any CPU.ActiveCfg = Debug|Any CPU
		{3E40E153-645E-41FA-A2FD-214C9FEE525C}.Debug|Any CPU.Build.0 = Debug|Any CPU
		{3E40E153-645E-41FA-A2FD-214C9FEE525C}.Release|Any CPU.ActiveCfg = Release|Any CPU
		{3E40E153-645E-41FA-A2FD-214C9FEE525C}.Release|Any CPU.Build.0 = Release|Any CPU
		{75C7F910-0FEE-476D-ADAC-58B8CAF72268}.Debug|Any CPU.ActiveCfg = Debug|Any CPU
		{75C7F910-0FEE-476D-ADAC-58B8CAF72268}.Debug|Any CPU.Build.0 = Debug|Any CPU
		{75C7F910-0FEE-476D-ADAC-58B8CAF72268}.Release|Any CPU.ActiveCfg = Release|Any CPU
		{75C7F910-0FEE-476D-ADAC-58B8CAF72268}.Release|Any CPU.Build.0 = Release|Any CPU
	EndGlobalSection
	GlobalSection(SolutionProperties) = preSolution
		HideSolutionNode = FALSE
	EndGlobalSection
	GlobalSection(NestedProjects) = preSolution
		{F428B953-73E5-4E53-A53A-4F439935E650} = {B566B727-C363-4810-A15A-72F7FE59B223}
		{3E40E153-645E-41FA-A2FD-214C9FEE525C} = {B566B727-C363-4810-A15A-72F7FE59B223}
		{75C7F910-0FEE-476D-ADAC-58B8CAF72268} = {B566B727-C363-4810-A15A-72F7FE59B223}
	EndGlobalSection
	GlobalSection(ExtensibilityGlobals) = postSolution
		SolutionGuid = {AFA26A59-6EE3-4E7B-9826-20B0CE62B56E}
	EndGlobalSection
EndGlobal
